
Microsoft Visual Studio Solution File, Format Version 12.00
# Visual Studio 15
Project("{FAE04EC0-301F-11D3-BF4B-00C04F79EFBC}") = "LoraKeysManagerFacade", "LoraKeysManagerFacade.csproj", "{5BFB6CF3-794F-4FB6-91B9-09476471A377}"
EndProject
Global
	GlobalSection(SolutionConfigurationPlatforms) = preSolution
		Debug|Any CPU = Debug|Any CPU
		Release|Any CPU = Release|Any CPU
	EndGlobalSection
	GlobalSection(ProjectConfigurationPlatforms) = postSolution
		{5BFB6CF3-794F-4FB6-91B9-09476471A377}.Debug|Any CPU.ActiveCfg = Debug|Any CPU
		{5BFB6CF3-794F-4FB6-91B9-09476471A377}.Debug|Any CPU.Build.0 = Debug|Any CPU
		{5BFB6CF3-794F-4FB6-91B9-09476471A377}.Release|Any CPU.ActiveCfg = Release|Any CPU
		{5BFB6CF3-794F-4FB6-91B9-09476471A377}.Release|Any CPU.Build.0 = Release|Any CPU
	EndGlobalSection
EndGlobal
